
Microsoft Visual Studio Solution File, Format Version 12.00
# Visual Studio Version 17
VisualStudioVersion = 17.9.34728.123
MinimumVisualStudioVersion = 10.0.40219.1
Project("{FAE04EC0-301F-11D3-BF4B-00C04F79EFBC}") = "API_ENDING2", "API_ENDING2\API_ENDING2.csproj", "{580E944A-A7B4-4167-B87E-502D263D650E}"
EndProject
Global
	GlobalSection(SolutionConfigurationPlatforms) = preSolution
		Debug|Any CPU = Debug|Any CPU
		Release|Any CPU = Release|Any CPU
	EndGlobalSection
	GlobalSection(ProjectConfigurationPlatforms) = postSolution
		{580E944A-A7B4-4167-B87E-502D263D650E}.Debug|Any CPU.ActiveCfg = Debug|Any CPU
		{580E944A-A7B4-4167-B87E-502D263D650E}.Debug|Any CPU.Build.0 = Debug|Any CPU
		{580E944A-A7B4-4167-B87E-502D263D650E}.Release|Any CPU.ActiveCfg = Release|Any CPU
		{580E944A-A7B4-4167-B87E-502D263D650E}.Release|Any CPU.Build.0 = Release|Any CPU
	EndGlobalSection
	GlobalSection(SolutionProperties) = preSolution
		HideSolutionNode = FALSE
	EndGlobalSection
	GlobalSection(ExtensibilityGlobals) = postSolution
		SolutionGuid = {83551A85-7976-43B3-B6D1-006CB46BD456}
	EndGlobalSection
EndGlobal
